{
  "version": 4,
  "terraform_version": "1.9.5",
  "serial": 20,
  "lineage": "859012f1-7fd3-4e65-c65a-040c19df9523",
  "outputs": {
    "aws_s3_bucket_complete_details": {
      "value": {
        "acceleration_status": "",
        "acl": null,
        "arn": "arn:aws:s3:::vidyas-tf-learn-bucket-01",
        "bucket": "vidyas-tf-learn-bucket-01",
        "bucket_domain_name": "vidyas-tf-learn-bucket-01.s3.amazonaws.com",
        "bucket_prefix": "",
        "bucket_regional_domain_name": "vidyas-tf-learn-bucket-01.s3.ap-south-1.amazonaws.com",
        "cors_rule": [],
        "force_destroy": false,
        "grant": [
          {
            "id": "f72d0d8614f50de406caa70343eed0663e9e5ce658b45815ca0cbb5981b8bb31",
            "permissions": [
              "FULL_CONTROL"
            ],
            "type": "CanonicalUser",
            "uri": ""
          }
        ],
        "hosted_zone_id": "Z11RGJOFQNVJUP",
        "id": "vidyas-tf-learn-bucket-01",
        "lifecycle_rule": [],
        "logging": [],
        "object_lock_configuration": [],
        "object_lock_enabled": false,
        "policy": "",
        "region": "ap-south-1",
        "replication_configuration": [],
        "request_payer": "BucketOwner",
        "server_side_encryption_configuration": [
          {
            "rule": [
              {
                "apply_server_side_encryption_by_default": [
                  {
                    "kms_master_key_id": "",
                    "sse_algorithm": "AES256"
                  }
                ],
                "bucket_key_enabled": false
              }
            ]
          }
        ],
        "tags": {},
        "tags_all": {},
        "timeouts": null,
        "versioning": [
          {
            "enabled": true,
            "mfa_delete": false
          }
        ],
        "website": [],
        "website_domain": null,
        "website_endpoint": null
      },
      "type": [
        "object",
        {
          "acceleration_status": "string",
          "acl": "string",
          "arn": "string",
          "bucket": "string",
          "bucket_domain_name": "string",
          "bucket_prefix": "string",
          "bucket_regional_domain_name": "string",
          "cors_rule": [
            "list",
            [
              "object",
              {
                "allowed_headers": [
                  "list",
                  "string"
                ],
                "allowed_methods": [
                  "list",
                  "string"
                ],
                "allowed_origins": [
                  "list",
                  "string"
                ],
                "expose_headers": [
                  "list",
                  "string"
                ],
                "max_age_seconds": "number"
              }
            ]
          ],
          "force_destroy": "bool",
          "grant": [
            "set",
            [
              "object",
              {
                "id": "string",
                "permissions": [
                  "set",
                  "string"
                ],
                "type": "string",
                "uri": "string"
              }
            ]
          ],
          "hosted_zone_id": "string",
          "id": "string",
          "lifecycle_rule": [
            "list",
            [
              "object",
              {
                "abort_incomplete_multipart_upload_days": "number",
                "enabled": "bool",
                "expiration": [
                  "list",
                  [
                    "object",
                    {
                      "date": "string",
                      "days": "number",
                      "expired_object_delete_marker": "bool"
                    }
                  ]
                ],
                "id": "string",
                "noncurrent_version_expiration": [
                  "list",
                  [
                    "object",
                    {
                      "days": "number"
                    }
                  ]
                ],
                "noncurrent_version_transition": [
                  "set",
                  [
                    "object",
                    {
                      "days": "number",
                      "storage_class": "string"
                    }
                  ]
                ],
                "prefix": "string",
                "tags": [
                  "map",
                  "string"
                ],
                "transition": [
                  "set",
                  [
                    "object",
                    {
                      "date": "string",
                      "days": "number",
                      "storage_class": "string"
                    }
                  ]
                ]
              }
            ]
          ],
          "logging": [
            "list",
            [
              "object",
              {
                "target_bucket": "string",
                "target_prefix": "string"
              }
            ]
          ],
          "object_lock_configuration": [
            "list",
            [
              "object",
              {
                "object_lock_enabled": "string",
                "rule": [
                  "list",
                  [
                    "object",
                    {
                      "default_retention": [
                        "list",
                        [
                          "object",
                          {
                            "days": "number",
                            "mode": "string",
                            "years": "number"
                          }
                        ]
                      ]
                    }
                  ]
                ]
              }
            ]
          ],
          "object_lock_enabled": "bool",
          "policy": "string",
          "region": "string",
          "replication_configuration": [
            "list",
            [
              "object",
              {
                "role": "string",
                "rules": [
                  "set",
                  [
                    "object",
                    {
                      "delete_marker_replication_status": "string",
                      "destination": [
                        "list",
                        [
                          "object",
                          {
                            "access_control_translation": [
                              "list",
                              [
                                "object",
                                {
                                  "owner": "string"
                                }
                              ]
                            ],
                            "account_id": "string",
                            "bucket": "string",
                            "metrics": [
                              "list",
                              [
                                "object",
                                {
                                  "minutes": "number",
                                  "status": "string"
                                }
                              ]
                            ],
                            "replica_kms_key_id": "string",
                            "replication_time": [
                              "list",
                              [
                                "object",
                                {
                                  "minutes": "number",
                                  "status": "string"
                                }
                              ]
                            ],
                            "storage_class": "string"
                          }
                        ]
                      ],
                      "filter": [
                        "list",
                        [
                          "object",
                          {
                            "prefix": "string",
                            "tags": [
                              "map",
                              "string"
                            ]
                          }
                        ]
                      ],
                      "id": "string",
                      "prefix": "string",
                      "priority": "number",
                      "source_selection_criteria": [
                        "list",
                        [
                          "object",
                          {
                            "sse_kms_encrypted_objects": [
                              "list",
                              [
                                "object",
                                {
                                  "enabled": "bool"
                                }
                              ]
                            ]
                          }
                        ]
                      ],
                      "status": "string"
                    }
                  ]
                ]
              }
            ]
          ],
          "request_payer": "string",
          "server_side_encryption_configuration": [
            "list",
            [
              "object",
              {
                "rule": [
                  "list",
                  [
                    "object",
                    {
                      "apply_server_side_encryption_by_default": [
                        "list",
                        [
                          "object",
                          {
                            "kms_master_key_id": "string",
                            "sse_algorithm": "string"
                          }
                        ]
                      ],
                      "bucket_key_enabled": "bool"
                    }
                  ]
                ]
              }
            ]
          ],
          "tags": [
            "map",
            "string"
          ],
          "tags_all": [
            "map",
            "string"
          ],
          "timeouts": [
            "object",
            {
              "create": "string",
              "delete": "string",
              "read": "string",
              "update": "string"
            }
          ],
          "versioning": [
            "list",
            [
              "object",
              {
                "enabled": "bool",
                "mfa_delete": "bool"
              }
            ]
          ],
          "website": [
            "list",
            [
              "object",
              {
                "error_document": "string",
                "index_document": "string",
                "redirect_all_requests_to": "string",
                "routing_rules": "string"
              }
            ]
          ],
          "website_domain": "string",
          "website_endpoint": "string"
        }
      ]
    },
    "aws_s3_bucket_versioning": {
      "value": true,
      "type": "bool",
      "sensitive": true
    },
    "iam_user_name_complete_details": {
      "value": {
        "arn": "arn:aws:iam::975050357958:user/command_line_user",
        "id": "AIDA6GBMHXTDG2JMM2GB5",
        "path": "/",
        "permissions_boundary": "",
        "tags": {},
        "user_id": "AIDA6GBMHXTDG2JMM2GB5",
        "user_name": "command_line_user"
      },
      "type": [
        "object",
        {
          "arn": "string",
          "id": "string",
          "path": "string",
          "permissions_boundary": "string",
          "tags": [
            "map",
            "string"
          ],
          "user_id": "string",
          "user_name": "string"
        }
      ]
    }
  },
  "resources": [
    {
      "mode": "data",
      "type": "aws_iam_user",
      "name": "existing_iam_user",
      "provider": "provider[\"registry.terraform.io/hashicorp/aws\"]",
      "instances": [
        {
          "schema_version": 0,
          "attributes": {
            "arn": "arn:aws:iam::975050357958:user/command_line_user",
            "id": "AIDA6GBMHXTDG2JMM2GB5",
            "path": "/",
            "permissions_boundary": "",
            "tags": {},
            "user_id": "AIDA6GBMHXTDG2JMM2GB5",
            "user_name": "command_line_user"
          },
          "sensitive_attributes": []
        }
      ]
    },
    {
      "mode": "managed",
      "type": "aws_iam_user",
      "name": "my_aws_iam_user",
      "provider": "provider[\"registry.terraform.io/hashicorp/aws\"]",
      "instances": [
        {
          "schema_version": 0,
          "attributes": {
            "arn": "arn:aws:iam::975050357958:user/dev-iam-user",
            "force_destroy": false,
            "id": "dev-iam-user",
            "name": "dev-iam-user",
            "path": "/",
            "permissions_boundary": "",
            "tags": {},
            "tags_all": {},
            "unique_id": "AIDA6GBMHXTDET7QOHLD7"
          },
          "sensitive_attributes": [],
          "private": "bnVsbA=="
        }
      ]
    },
    {
      "mode": "managed",
      "type": "aws_s3_bucket",
      "name": "tf-name-s3-bucket",
      "provider": "provider[\"registry.terraform.io/hashicorp/aws\"]",
      "instances": [
        {
          "schema_version": 0,
          "attributes": {
            "acceleration_status": "",
            "acl": null,
            "arn": "arn:aws:s3:::vidyas-tf-learn-bucket-01",
            "bucket": "vidyas-tf-learn-bucket-01",
            "bucket_domain_name": "vidyas-tf-learn-bucket-01.s3.amazonaws.com",
            "bucket_prefix": "",
            "bucket_regional_domain_name": "vidyas-tf-learn-bucket-01.s3.ap-south-1.amazonaws.com",
            "cors_rule": [],
            "force_destroy": false,
            "grant": [
              {
                "id": "f72d0d8614f50de406caa70343eed0663e9e5ce658b45815ca0cbb5981b8bb31",
                "permissions": [
                  "FULL_CONTROL"
                ],
                "type": "CanonicalUser",
                "uri": ""
              }
            ],
            "hosted_zone_id": "Z11RGJOFQNVJUP",
            "id": "vidyas-tf-learn-bucket-01",
            "lifecycle_rule": [],
            "logging": [],
            "object_lock_configuration": [],
            "object_lock_enabled": false,
            "policy": "",
            "region": "ap-south-1",
            "replication_configuration": [],
            "request_payer": "BucketOwner",
            "server_side_encryption_configuration": [
              {
                "rule": [
                  {
                    "apply_server_side_encryption_by_default": [
                      {
                        "kms_master_key_id": "",
                        "sse_algorithm": "AES256"
                      }
                    ],
                    "bucket_key_enabled": false
                  }
                ]
              }
            ],
            "tags": {},
            "tags_all": {},
            "timeouts": null,
            "versioning": [
              {
                "enabled": true,
                "mfa_delete": false
              }
            ],
            "website": [],
            "website_domain": null,
            "website_endpoint": null
          },
          "sensitive_attributes": [],
          "private": "eyJlMmJmYjczMC1lY2FhLTExZTYtOGY4OC0zNDM2M2JjN2M0YzAiOnsiY3JlYXRlIjoxMjAwMDAwMDAwMDAwLCJkZWxldGUiOjM2MDAwMDAwMDAwMDAsInJlYWQiOjEyMDAwMDAwMDAwMDAsInVwZGF0ZSI6MTIwMDAwMDAwMDAwMH19"
        }
      ]
    },
    {
      "mode": "managed",
      "type": "aws_s3_bucket_versioning",
      "name": "tf-name-s3-bucket-versioning",
      "provider": "provider[\"registry.terraform.io/hashicorp/aws\"]",
      "instances": [
        {
          "schema_version": 0,
          "attributes": {
            "bucket": "vidyas-tf-learn-bucket-01",
            "expected_bucket_owner": "",
            "id": "vidyas-tf-learn-bucket-01",
            "mfa": null,
            "versioning_configuration": [
              {
                "mfa_delete": "",
                "status": "Enabled"
              }
            ]
          },
          "sensitive_attributes": [],
          "private": "bnVsbA==",
          "dependencies": [
            "aws_s3_bucket.tf-name-s3-bucket"
          ]
        }
      ]
    }
  ],
  "check_results": null
}
